
Microsoft Visual Studio Solution File, Format Version 12.00
# Visual Studio Version 16
VisualStudioVersion = 16.0.33214.272
MinimumVisualStudioVersion = 10.0.40219.1
Project("{FAE04EC0-301F-11D3-BF4B-00C04F79EFBC}") = "sqldemo", "sqldemo\sqldemo.csproj", "{881C91B5-1D21-4989-9C88-334E90A77787}"
EndProject
Global
	GlobalSection(SolutionConfigurationPlatforms) = preSolution
		Debug|Any CPU = Debug|Any CPU
		Release|Any CPU = Release|Any CPU
	EndGlobalSection
	GlobalSection(ProjectConfigurationPlatforms) = postSolution
		{881C91B5-1D21-4989-9C88-334E90A77787}.Debug|Any CPU.ActiveCfg = Debug|Any CPU
		{881C91B5-1D21-4989-9C88-334E90A77787}.Debug|Any CPU.Build.0 = Debug|Any CPU
		{881C91B5-1D21-4989-9C88-334E90A77787}.Release|Any CPU.ActiveCfg = Release|Any CPU
		{881C91B5-1D21-4989-9C88-334E90A77787}.Release|Any CPU.Build.0 = Release|Any CPU
	EndGlobalSection
	GlobalSection(SolutionProperties) = preSolution
		HideSolutionNode = FALSE
	EndGlobalSection
	GlobalSection(ExtensibilityGlobals) = postSolution
		SolutionGuid = {9327AF55-BC8B-4CE2-AEE0-ACDF90EA8CB5}
	EndGlobalSection
EndGlobal
